<?xml version="1.0" encoding="utf-8"?>
<Project ToolsVersion="4.0" xmlns="http://schemas.microsoft.com/developer/msbuild/2003">
  <ItemGroup>
    <Filter Include="Source Files">
      <UniqueIdentifier>{4FC737F1-C7A5-4376-A066-2A32D752A2FF}</UniqueIdentifier>
      <Extensions>cpp;c;cc;cxx;def;odl;idl;hpj;bat;asm;asmx</Extensions>
    </Filter>
    <Filter Include="Header Files">
      <UniqueIdentifier>{93995380-89BD-4b04-88EB-625FBE52EBFB}</UniqueIdentifier>
      <Extensions>h;hh;hpp;hxx;hm;inl;inc;xsd</Extensions>
    </Filter>
    <Filter Include="Resource Files">
      <UniqueIdentifier>{67DA6AB6-F800-4c08-8B7A-83BB121AAD01}</UniqueIdentifier>
      <Extensions>rc;ico;cur;bmp;dlg;rc2;rct;bin;rgs;gif;jpg;jpeg;jpe;resx;tiff;tif;png;wav;mfcribbon-ms</Extensions>
    </Filter>
  </ItemGroup>
  <ItemGroup>
    <Text Include="ReadMe.txt" />
  </ItemGroup>
  <ItemGroup>
    <ClCompile Include="..\xdiff\xversion.c">
      <Filter>Source Files</Filter>
    </ClCompile>
    <ClCompile Include="..\xdiff\xadler32.c">
      <Filter>Source Files</Filter>
    </ClCompile>
    <ClCompile Include="..\xdiff\xalloc.c">
      <Filter>Source Files</Filter>
    </ClCompile>
    <ClCompile Include="..\xdiff\xbdiff.c">
      <Filter>Source Files</Filter>
    </ClCompile>
    <ClCompile Include="..\xdiff\xbpatchi.c">
      <Filter>Source Files</Filter>
    </ClCompile>
    <ClCompile Include="..\xdiff\xdiffi.c">
      <Filter>Source Files</Filter>
    </ClCompile>
    <ClCompile Include="..\xdiff\xemit.c">
      <Filter>Source Files</Filter>
    </ClCompile>
    <ClCompile Include="..\xdiff\xmerge3.c">
      <Filter>Source Files</Filter>
    </ClCompile>
    <ClCompile Include="..\xdiff\xmissing.c">
      <Filter>Source Files</Filter>
    </ClCompile>
    <ClCompile Include="..\xdiff\xpatchi.c">
      <Filter>Source Files</Filter>
    </ClCompile>
    <ClCompile Include="..\xdiff\xprepare.c">
      <Filter>Source Files</Filter>
    </ClCompile>
    <ClCompile Include="..\xdiff\xrabdiff.c">
      <Filter>Source Files</Filter>
    </ClCompile>
    <ClCompile Include="..\xdiff\xrabply.c">
      <Filter>Source Files</Filter>
    </ClCompile>
    <ClCompile Include="..\xdiff\xutils.c">
      <Filter>Source Files</Filter>
    </ClCompile>
  </ItemGroup>
  <ItemGroup>
    <ClInclude Include="..\xdiff\xadler32.h">
      <Filter>Source Files</Filter>
    </ClInclude>
    <ClInclude Include="..\xdiff\xbdiff.h">
      <Filter>Source Files</Filter>
    </ClInclude>
    <ClInclude Include="..\xdiff\xdiff.h">
      <Filter>Source Files</Filter>
    </ClInclude>
    <ClInclude Include="..\xdiff\xdiffi.h">
      <Filter>Source Files</Filter>
    </ClInclude>
    <ClInclude Include="..\xdiff\xemit.h">
      <Filter>Source Files</Filter>
    </ClInclude>
    <ClInclude Include="..\xdiff\xinclude.h">
      <Filter>Source Files</Filter>
    </ClInclude>
    <ClInclude Include="..\xdiff\xmacros.h">
      <Filter>Source Files</Filter>
    </ClInclude>
    <ClInclude Include="..\xdiff\xmissing.h">
      <Filter>Source Files</Filter>
    </ClInclude>
    <ClInclude Include="..\xdiff\xprepare.h">
      <Filter>Source Files</Filter>
    </ClInclude>
    <ClInclude Include="..\xdiff\xtypes.h">
      <Filter>Source Files</Filter>
    </ClInclude>
    <ClInclude Include="..\xdiff\xutils.h">
      <Filter>Source Files</Filter>
    </ClInclude>
  </ItemGroup>
</Project>